
Microsoft Visual Studio Solution File, Format Version 12.00
Project("{FAE04EC0-301F-11D3-BF4B-00C04F79EFBC}") = "StreamServer", "StreamServer\StreamServer.csproj", "{F48FBE96-2953-4F0D-999A-3D624FEDF670}"
EndProject
Global
	GlobalSection(SolutionConfigurationPlatforms) = preSolution
		Debug|Any CPU = Debug|Any CPU
		Release|Any CPU = Release|Any CPU
	EndGlobalSection
	GlobalSection(ProjectConfigurationPlatforms) = postSolution
		{F48FBE96-2953-4F0D-999A-3D624FEDF670}.Debug|Any CPU.ActiveCfg = Debug|Any CPU
		{F48FBE96-2953-4F0D-999A-3D624FEDF670}.Release|Any CPU.ActiveCfg = Release|Any CPU
		{F48FBE96-2953-4F0D-999A-3D624FEDF670}.Release|Any CPU.Build.0 = Release|Any CPU
		{F48FBE96-2953-4F0D-999A-3D624FEDF670}.Release|Any CPU.Deploy.0 = Release|Any CPU
	EndGlobalSection
EndGlobal
